// !$*UTF8*$!
{
	archiveVersion = 1;
	classes = {
	};
	objectVersion = 55;
	objects = {

/* Begin PBXBuildFile section */
		5D78638427BF5C3B000A0C7C /* YouTubePlayerFramework.docc in Sources */ = {isa = PBXBuildFile; fileRef = 5D78638327BF5C3B000A0C7C /* YouTubePlayerFramework.docc */; };
		5D78638A27BF5C3C000A0C7C /* YouTubePlayerFramework.framework in Frameworks */ = {isa = PBXBuildFile; fileRef = 5D78637F27BF5C3B000A0C7C /* YouTubePlayerFramework.framework */; };
		5D78638F27BF5C3C000A0C7C /* YouTubePlayerFrameworkTests.swift in Sources */ = {isa = PBXBuildFile; fileRef = 5D78638E27BF5C3C000A0C7C /* YouTubePlayerFrameworkTests.swift */; };
		5D78639027BF5C3C000A0C7C /* YouTubePlayerFramework.h in Headers */ = {isa = PBXBuildFile; fileRef = 5D78638227BF5C3B000A0C7C /* YouTubePlayerFramework.h */; settings = {ATTRIBUTES = (Public, ); }; };
/* End PBXBuildFile section */

/* Begin PBXContainerItemProxy section */
		5D78638B27BF5C3C000A0C7C /* PBXContainerItemProxy */ = {
			isa = PBXContainerItemProxy;
			containerPortal = 5D78637627BF5C3B000A0C7C /* Project object */;
			proxyType = 1;
			remoteGlobalIDString = 5D78637E27BF5C3B000A0C7C;
			remoteInfo = YouTubePlayerFramework;
		};
/* End PBXContainerItemProxy section */

/* Begin PBXFileReference section */
		5D78637F27BF5C3B000A0C7C /* YouTubePlayerFramework.framework */ = {isa = PBXFileReference; explicitFileType = wrapper.framework; includeInIndex = 0; path = YouTubePlayerFramework.framework; sourceTree = BUILT_PRODUCTS_DIR; };
		5D78638227BF5C3B000A0C7C /* YouTubePlayerFramework.h */ = {isa = PBXFileReference; lastKnownFileType = sourcecode.c.h; path = YouTubePlayerFramework.h; sourceTree = "<group>"; };
		5D78638327BF5C3B000A0C7C /* YouTubePlayerFramework.docc */ = {isa = PBXFileReference; lastKnownFileType = folder.documentationcatalog; path = YouTubePlayerFramework.docc; sourceTree = "<group>"; };
		5D78638927BF5C3C000A0C7C /* YouTubePlayerFrameworkTests.xctest */ = {isa = PBXFileReference; explicitFileType = wrapper.cfbundle; includeInIndex = 0; path = YouTubePlayerFrameworkTests.xctest; sourceTree = BUILT_PRODUCTS_DIR; };
		5D78638E27BF5C3C000A0C7C /* YouTubePlayerFrameworkTests.swift */ = {isa = PBXFileReference; lastKnownFileType = sourcecode.swift; path = YouTubePlayerFrameworkTests.swift; sourceTree = "<group>"; };
/* End PBXFileReference section */

/* Begin PBXFrameworksBuildPhase section */
		5D78637C27BF5C3B000A0C7C /* Frameworks */ = {
			isa = PBXFrameworksBuildPhase;
			buildActionMask = 2147483647;
			files = (
			);
			runOnlyForDeploymentPostprocessing = 0;
		};
		5D78638627BF5C3C000A0C7C /* Frameworks */ = {
			isa = PBXFrameworksBuildPhase;
			buildActionMask = 2147483647;
			files = (
				5D78638A27BF5C3C000A0C7C /* YouTubePlayerFramework.framework in Frameworks */,
			);
			runOnlyForDeploymentPostprocessing = 0;
		};
/* End PBXFrameworksBuildPhase section */

/* Begin PBXGroup section */
		5D78637527BF5C3B000A0C7C = {
			isa = PBXGroup;
			children = (
				5D78638127BF5C3B000A0C7C /* YouTubePlayerFramework */,
				5D78638D27BF5C3C000A0C7C /* YouTubePlayerFrameworkTests */,
				5D78638027BF5C3B000A0C7C /* Products */,
			);
			sourceTree = "<group>";
		};
		5D78638027BF5C3B000A0C7C /* Products */ = {
			isa = PBXGroup;
			children = (
				5D78637F27BF5C3B000A0C7C /* YouTubePlayerFramework.framework */,
				5D78638927BF5C3C000A0C7C /* YouTubePlayerFrameworkTests.xctest */,
			);
			name = Products;
			sourceTree = "<group>";
		};
		5D78638127BF5C3B000A0C7C /* YouTubePlayerFramework */ = {
			isa = PBXGroup;
			children = (
				5D78638227BF5C3B000A0C7C /* YouTubePlayerFramework.h */,
				5D78638327BF5C3B000A0C7C /* YouTubePlayerFramework.docc */,
			);
			path = YouTubePlayerFramework;
			sourceTree = "<group>";
		};
		5D78638D27BF5C3C000A0C7C /* YouTubePlayerFrameworkTests */ = {
			isa = PBXGroup;
			children = (
				5D78638E27BF5C3C000A0C7C /* YouTubePlayerFrameworkTests.swift */,
			);
			path = YouTubePlayerFrameworkTests;
			sourceTree = "<group>";
		};
/* End PBXGroup section */

/* Begin PBXHeadersBuildPhase section */
		5D78637A27BF5C3B000A0C7C /* Headers */ = {
			isa = PBXHeadersBuildPhase;
			buildActionMask = 2147483647;
			files = (
				5D78639027BF5C3C000A0C7C /* YouTubePlayerFramework.h in Headers */,
			);
			runOnlyForDeploymentPostprocessing = 0;
		};
/* End PBXHeadersBuildPhase section */

/* Begin PBXNativeTarget section */
		5D78637E27BF5C3B000A0C7C /* YouTubePlayerFramework */ = {
			isa = PBXNativeTarget;
			buildConfigurationList = 5D78639327BF5C3C000A0C7C /* Build configuration list for PBXNativeTarget "YouTubePlayerFramework" */;
			buildPhases = (
				5D78637A27BF5C3B000A0C7C /* Headers */,
				5D78637B27BF5C3B000A0C7C /* Sources */,
				5D78637C27BF5C3B000A0C7C /* Frameworks */,
				5D78637D27BF5C3B000A0C7C /* Resources */,
			);
			buildRules = (
			);
			dependencies = (
			);
			name = YouTubePlayerFramework;
			productName = YouTubePlayerFramework;
			productReference = 5D78637F27BF5C3B000A0C7C /* YouTubePlayerFramework.framework */;
			productType = "com.apple.product-type.framework";
		};
		5D78638827BF5C3C000A0C7C /* YouTubePlayerFrameworkTests */ = {
			isa = PBXNativeTarget;
			buildConfigurationList = 5D78639627BF5C3C000A0C7C /* Build configuration list for PBXNativeTarget "YouTubePlayerFrameworkTests" */;
			buildPhases = (
				5D78638527BF5C3C000A0C7C /* Sources */,
				5D78638627BF5C3C000A0C7C /* Frameworks */,
				5D78638727BF5C3C000A0C7C /* Resources */,
			);
			buildRules = (
			);
			dependencies = (
				5D78638C27BF5C3C000A0C7C /* PBXTargetDependency */,
			);
			name = YouTubePlayerFrameworkTests;
			productName = YouTubePlayerFrameworkTests;
			productReference = 5D78638927BF5C3C000A0C7C /* YouTubePlayerFrameworkTests.xctest */;
			productType = "com.apple.product-type.bundle.unit-test";
		};
/* End PBXNativeTarget section */

/* Begin PBXProject section */
		5D78637627BF5C3B000A0C7C /* Project object */ = {
			isa = PBXProject;
			attributes = {
				BuildIndependentTargetsInParallel = 1;
				LastSwiftUpdateCheck = 1320;
				LastUpgradeCheck = 1320;
				TargetAttributes = {
					5D78637E27BF5C3B000A0C7C = {
						CreatedOnToolsVersion = 13.2.1;
					};
					5D78638827BF5C3C000A0C7C = {
						CreatedOnToolsVersion = 13.2.1;
					};
				};
			};
			buildConfigurationList = 5D78637927BF5C3B000A0C7C /* Build configuration list for PBXProject "YouTubePlayerFramework" */;
			compatibilityVersion = "Xcode 13.0";
			developmentRegion = en;
			hasScannedForEncodings = 0;
			knownRegions = (
				en,
				Base,
			);
			mainGroup = 5D78637527BF5C3B000A0C7C;
			productRefGroup = 5D78638027BF5C3B000A0C7C /* Products */;
			projectDirPath = "";
			projectRoot = "";
			targets = (
				5D78637E27BF5C3B000A0C7C /* YouTubePlayerFramework */,
				5D78638827BF5C3C000A0C7C /* YouTubePlayerFrameworkTests */,
			);
		};
/* End PBXProject section */

/* Begin PBXResourcesBuildPhase section */
		5D78637D27BF5C3B000A0C7C /* Resources */ = {
			isa = PBXResourcesBuildPhase;
			buildActionMask = 2147483647;
			files = (
			);
			runOnlyForDeploymentPostprocessing = 0;
		};
		5D78638727BF5C3C000A0C7C /* Resources */ = {
			isa = PBXResourcesBuildPhase;
			buildActionMask = 2147483647;
			files = (
			);
			runOnlyForDeploymentPostprocessing = 0;
		};
/* End PBXResourcesBuildPhase section */

/* Begin PBXSourcesBuildPhase section */
		5D78637B27BF5C3B000A0C7C /* Sources */ = {
			isa = PBXSourcesBuildPhase;
			buildActionMask = 2147483647;
			files = (
				5D78638427BF5C3B000A0C7C /* YouTubePlayerFramework.docc in Sources */,
			);
			runOnlyForDeploymentPostprocessing = 0;
		};
		5D78638527BF5C3C000A0C7C /* Sources */ = {
			isa = PBXSourcesBuildPhase;
			buildActionMask = 2147483647;
			files = (
				5D78638F27BF5C3C000A0C7C /* YouTubePlayerFrameworkTests.swift in Sources */,
			);
			runOnlyForDeploymentPostprocessing = 0;
		};
/* End PBXSourcesBuildPhase section */

/* Begin PBXTargetDependency section */
		5D78638C27BF5C3C000A0C7C /* PBXTargetDependency */ = {
			isa = PBXTargetDependency;
			target = 5D78637E27BF5C3B000A0C7C /* YouTubePlayerFramework */;
			targetProxy = 5D78638B27BF5C3C000A0C7C /* PBXContainerItemProxy */;
		};
/* End PBXTargetDependency section */

/* Begin XCBuildConfiguration section */
		5D78639127BF5C3C000A0C7C /* Debug */ = {
			isa = XCBuildConfiguration;
			buildSettings = {
				ALWAYS_SEARCH_USER_PATHS = NO;
				CLANG_ANALYZER_NONNULL = YES;
				CLANG_ANALYZER_NUMBER_OBJECT_CONVERSION = YES_AGGRESSIVE;
				CLANG_CXX_LANGUAGE_STANDARD = "gnu++17";
				CLANG_CXX_LIBRARY = "libc++";
				CLANG_ENABLE_MODULES = YES;
				CLANG_ENABLE_OBJC_ARC = YES;
				CLANG_ENABLE_OBJC_WEAK = YES;
				CLANG_WARN_BLOCK_CAPTURE_AUTORELEASING = YES;
				CLANG_WARN_BOOL_CONVERSION = YES;
				CLANG_WARN_COMMA = YES;
				CLANG_WARN_CONSTANT_CONVERSION = YES;
				CLANG_WARN_DEPRECATED_OBJC_IMPLEMENTATIONS = YES;
				CLANG_WARN_DIRECT_OBJC_ISA_USAGE = YES_ERROR;
				CLANG_WARN_DOCUMENTATION_COMMENTS = YES;
				CLANG_WARN_EMPTY_BODY = YES;
				CLANG_WARN_ENUM_CONVERSION = YES;
				CLANG_WARN_INFINITE_RECURSION = YES;
				CLANG_WARN_INT_CONVERSION = YES;
				CLANG_WARN_NON_LITERAL_NULL_CONVERSION = YES;
				CLANG_WARN_OBJC_IMPLICIT_RETAIN_SELF = YES;
				CLANG_WARN_OBJC_LITERAL_CONVERSION = YES;
				CLANG_WARN_OBJC_ROOT_CLASS = YES_ERROR;
				CLANG_WARN_QUOTED_INCLUDE_IN_FRAMEWORK_HEADER = YES;
				CLANG_WARN_RANGE_LOOP_ANALYSIS = YES;
				CLANG_WARN_STRICT_PROTOTYPES = YES;
				CLANG_WARN_SUSPICIOUS_MOVE = YES;
				CLANG_WARN_UNGUARDED_AVAILABILITY = YES_AGGRESSIVE;
				CLANG_WARN_UNREACHABLE_CODE = YES;
				CLANG_WARN__DUPLICATE_METHOD_MATCH = YES;
				COPY_PHASE_STRIP = NO;
				CURRENT_PROJECT_VERSION = 1;
				DEBUG_INFORMATION_FORMAT = dwarf;
				ENABLE_STRICT_OBJC_MSGSEND = YES;
				ENABLE_TESTABILITY = YES;
				GCC_C_LANGUAGE_STANDARD = gnu11;
				GCC_DYNAMIC_NO_PIC = NO;
				GCC_NO_COMMON_BLOCKS = YES;
				GCC_OPTIMIZATION_LEVEL = 0;
				GCC_PREPROCESSOR_DEFINITIONS = (
					"DEBUG=1",
					"$(inherited)",
				);
				GCC_WARN_64_TO_32_BIT_CONVERSION = YES;
				GCC_WARN_ABOUT_RETURN_TYPE = YES_ERROR;
				GCC_WARN_UNDECLARED_SELECTOR = YES;
				GCC_WARN_UNINITIALIZED_AUTOS = YES_AGGRESSIVE;
				GCC_WARN_UNUSED_FUNCTION = YES;
				GCC_WARN_UNUSED_VARIABLE = YES;
				IPHONEOS_DEPLOYMENT_TARGET = 15.2;
				MTL_ENABLE_DEBUG_INFO = INCLUDE_SOURCE;
				MTL_FAST_MATH = YES;
				ONLY_ACTIVE_ARCH = YES;
				SDKROOT = iphoneos;
				SWIFT_ACTIVE_COMPILATION_CONDITIONS = DEBUG;
				SWIFT_OPTIMIZATION_LEVEL = "-Onone";
				VERSIONING_SYSTEM = "apple-generic";
				VERSION_INFO_PREFIX = "";
			};
			name = Debug;
		};
		5D78639227BF5C3C000A0C7C /* Release */ = {
			isa = XCBuildConfiguration;
			buildSettings = {
				ALWAYS_SEARCH_USER_PATHS = NO;
				CLANG_ANALYZER_NONNULL = YES;
				CLANG_ANALYZER_NUMBER_OBJECT_CONVERSION = YES_AGGRESSIVE;
				CLANG_CXX_LANGUAGE_STANDARD = "gnu++17";
				CLANG_CXX_LIBRARY = "libc++";
				CLANG_ENABLE_MODULES = YES;
				CLANG_ENABLE_OBJC_ARC = YES;
				CLANG_ENABLE_OBJC_WEAK = YES;
				CLANG_WARN_BLOCK_CAPTURE_AUTORELEASING = YES;
				CLANG_WARN_BOOL_CONVERSION = YES;
				CLANG_WARN_COMMA = YES;
				CLANG_WARN_CONSTANT_CONVERSION = YES;
				CLANG_WARN_DEPRECATED_OBJC_IMPLEMENTATIONS = YES;
				CLANG_WARN_DIRECT_OBJC_ISA_USAGE = YES_ERROR;
				CLANG_WARN_DOCUMENTATION_COMMENTS = YES;
				CLANG_WARN_EMPTY_BODY = YES;
				CLANG_WARN_ENUM_CONVERSION = YES;
				CLANG_WARN_INFINITE_RECURSION = YES;
				CLANG_WARN_INT_CONVERSION = YES;
				CLANG_WARN_NON_LITERAL_NULL_CONVERSION = YES;
				CLANG_WARN_OBJC_IMPLICIT_RETAIN_SELF = YES;
				CLANG_WARN_OBJC_LITERAL_CONVERSION = YES;
				CLANG_WARN_OBJC_ROOT_CLASS = YES_ERROR;
				CLANG_WARN_QUOTED_INCLUDE_IN_FRAMEWORK_HEADER = YES;
				CLANG_WARN_RANGE_LOOP_ANALYSIS = YES;
				CLANG_WARN_STRICT_PROTOTYPES = YES;
				CLANG_WARN_SUSPICIOUS_MOVE = YES;
				CLANG_WARN_UNGUARDED_AVAILABILITY = YES_AGGRESSIVE;
				CLANG_WARN_UNREACHABLE_CODE = YES;
				CLANG_WARN__DUPLICATE_METHOD_MATCH = YES;
				COPY_PHASE_STRIP = NO;
				CURRENT_PROJECT_VERSION = 1;
				DEBUG_INFORMATION_FORMAT = "dwarf-with-dsym";
				ENABLE_NS_ASSERTIONS = NO;
				ENABLE_STRICT_OBJC_MSGSEND = YES;
				GCC_C_LANGUAGE_STANDARD = gnu11;
				GCC_NO_COMMON_BLOCKS = YES;
				GCC_WARN_64_TO_32_BIT_CONVERSION = YES;
				GCC_WARN_ABOUT_RETURN_TYPE = YES_ERROR;
				GCC_WARN_UNDECLARED_SELECTOR = YES;
				GCC_WARN_UNINITIALIZED_AUTOS = YES_AGGRESSIVE;
				GCC_WARN_UNUSED_FUNCTION = YES;
				GCC_WARN_UNUSED_VARIABLE = YES;
				IPHONEOS_DEPLOYMENT_TARGET = 15.2;
				MTL_ENABLE_DEBUG_INFO = NO;
				MTL_FAST_MATH = YES;
				SDKROOT = iphoneos;
				SWIFT_COMPILATION_MODE = wholemodule;
				SWIFT_OPTIMIZATION_LEVEL = "-O";
				VALIDATE_PRODUCT = YES;
				VERSIONING_SYSTEM = "apple-generic";
				VERSION_INFO_PREFIX = "";
			};
			name = Release;
		};
		5D78639427BF5C3C000A0C7C /* Debug */ = {
			isa = XCBuildConfiguration;
			buildSettings = {
				CODE_SIGN_STYLE = Automatic;
				CURRENT_PROJECT_VERSION = 1;
				DEFINES_MODULE = YES;
				DYLIB_COMPATIBILITY_VERSION = 1;
				DYLIB_CURRENT_VERSION = 1;
				DYLIB_INSTALL_NAME_BASE = "@rpath";
				GENERATE_INFOPLIST_FILE = YES;
				INFOPLIST_KEY_NSHumanReadableCopyright = "";
				INSTALL_PATH = "$(LOCAL_LIBRARY_DIR)/Frameworks";
				LD_RUNPATH_SEARCH_PATHS = (
					"$(inherited)",
					"@executable_path/Frameworks",
					"@loader_path/Frameworks",
				);
				MARKETING_VERSION = 1.0;
				PRODUCT_BUNDLE_IDENTIFIER = test.YouTubePlayerFramework;
				PRODUCT_NAME = "$(TARGET_NAME:c99extidentifier)";
				SKIP_INSTALL = YES;
				SWIFT_EMIT_LOC_STRINGS = YES;
				SWIFT_VERSION = 5.0;
				TARGETED_DEVICE_FAMILY = "1,2";
			};
			name = Debug;
		};
		5D78639527BF5C3C000A0C7C /* Release */ = {
			isa = XCBuildConfiguration;
			buildSettings = {
				CODE_SIGN_STYLE = Automatic;
				CURRENT_PROJECT_VERSION = 1;
				DEFINES_MODULE = YES;
				DYLIB_COMPATIBILITY_VERSION = 1;
				DYLIB_CURRENT_VERSION = 1;
				DYLIB_INSTALL_NAME_BASE = "@rpath";
				GENERATE_INFOPLIST_FILE = YES;
				INFOPLIST_KEY_NSHumanReadableCopyright = "";
				INSTALL_PATH = "$(LOCAL_LIBRARY_DIR)/Frameworks";
				LD_RUNPATH_SEARCH_PATHS = (
					"$(inherited)",
					"@executable_path/Frameworks",
					"@loader_path/Frameworks",
				);
				MARKETING_VERSION = 1.0;
				PRODUCT_BUNDLE_IDENTIFIER = test.YouTubePlayerFramework;
				PRODUCT_NAME = "$(TARGET_NAME:c99extidentifier)";
				SKIP_INSTALL = YES;
				SWIFT_EMIT_LOC_STRINGS = YES;
				SWIFT_VERSION = 5.0;
				TARGETED_DEVICE_FAMILY = "1,2";
			};
			name = Release;
		};
		5D78639727BF5C3C000A0C7C /* Debug */ = {
			isa = XCBuildConfiguration;
			buildSettings = {
				CODE_SIGN_STYLE = Automatic;
				CURRENT_PROJECT_VERSION = 1;
				GENERATE_INFOPLIST_FILE = YES;
				MARKETING_VERSION = 1.0;
				PRODUCT_BUNDLE_IDENTIFIER = test.YouTubePlayerFrameworkTests;
				PRODUCT_NAME = "$(TARGET_NAME)";
				SWIFT_EMIT_LOC_STRINGS = NO;
				SWIFT_VERSION = 5.0;
				TARGETED_DEVICE_FAMILY = "1,2";
			};
			name = Debug;
		};
		5D78639827BF5C3C000A0C7C /* Release */ = {
			isa = XCBuildConfiguration;
			buildSettings = {
				CODE_SIGN_STYLE = Automatic;
				CURRENT_PROJECT_VERSION = 1;
				GENERATE_INFOPLIST_FILE = YES;
				MARKETING_VERSION = 1.0;
				PRODUCT_BUNDLE_IDENTIFIER = test.YouTubePlayerFrameworkTests;
				PRODUCT_NAME = "$(TARGET_NAME)";
				SWIFT_EMIT_LOC_STRINGS = NO;
				SWIFT_VERSION = 5.0;
				TARGETED_DEVICE_FAMILY = "1,2";
			};
			name = Release;
		};
/* End XCBuildConfiguration section */

/* Begin XCConfigurationList section */
		5D78637927BF5C3B000A0C7C /* Build configuration list for PBXProject "YouTubePlayerFramework" */ = {
			isa = XCConfigurationList;
			buildConfigurations = (
				5D78639127BF5C3C000A0C7C /* Debug */,
				5D78639227BF5C3C000A0C7C /* Release */,
			);
			defaultConfigurationIsVisible = 0;
			defaultConfigurationName = Release;
		};
		5D78639327BF5C3C000A0C7C /* Build configuration list for PBXNativeTarget "YouTubePlayerFramework" */ = {
			isa = XCConfigurationList;
			buildConfigurations = (
				5D78639427BF5C3C000A0C7C /* Debug */,
				5D78639527BF5C3C000A0C7C /* Release */,
			);
			defaultConfigurationIsVisible = 0;
			defaultConfigurationName = Release;
		};
		5D78639627BF5C3C000A0C7C /* Build configuration list for PBXNativeTarget "YouTubePlayerFrameworkTests" */ = {
			isa = XCConfigurationList;
			buildConfigurations = (
				5D78639727BF5C3C000A0C7C /* Debug */,
				5D78639827BF5C3C000A0C7C /* Release */,
			);
			defaultConfigurationIsVisible = 0;
			defaultConfigurationName = Release;
		};
/* End XCConfigurationList section */
	};
	rootObject = 5D78637627BF5C3B000A0C7C /* Project object */;
}
